
Microsoft Visual Studio Solution File, Format Version 12.00
# Visual Studio Version 16
VisualStudioVersion = 16.0.31624.102
MinimumVisualStudioVersion = 10.0.40219.1
Project("{8BC9CEB8-8B4A-11D0-8D11-00A0C91BC942}") = "laba_of_ci", "laba_of_ci.vcxproj", "{3D6BB740-FB0E-4DC3-A1E6-AF726B7B8F0C}"
EndProject
Global
	GlobalSection(SolutionConfigurationPlatforms) = preSolution
		Debug|x64 = Debug|x64
		Debug|x86 = Debug|x86
		Release|x64 = Release|x64
		Release|x86 = Release|x86
	EndGlobalSection
	GlobalSection(ProjectConfigurationPlatforms) = postSolution
		{3D6BB740-FB0E-4DC3-A1E6-AF726B7B8F0C}.Debug|x64.ActiveCfg = Debug|x64
		{3D6BB740-FB0E-4DC3-A1E6-AF726B7B8F0C}.Debug|x64.Build.0 = Debug|x64
		{3D6BB740-FB0E-4DC3-A1E6-AF726B7B8F0C}.Debug|x86.ActiveCfg = Debug|Win32
		{3D6BB740-FB0E-4DC3-A1E6-AF726B7B8F0C}.Debug|x86.Build.0 = Debug|Win32
		{3D6BB740-FB0E-4DC3-A1E6-AF726B7B8F0C}.Release|x64.ActiveCfg = Release|x64
		{3D6BB740-FB0E-4DC3-A1E6-AF726B7B8F0C}.Release|x64.Build.0 = Release|x64
		{3D6BB740-FB0E-4DC3-A1E6-AF726B7B8F0C}.Release|x86.ActiveCfg = Release|Win32
		{3D6BB740-FB0E-4DC3-A1E6-AF726B7B8F0C}.Release|x86.Build.0 = Release|Win32
	EndGlobalSection
	GlobalSection(SolutionProperties) = preSolution
		HideSolutionNode = FALSE
	EndGlobalSection
	GlobalSection(ExtensibilityGlobals) = postSolution
		SolutionGuid = {E1617CA4-37F8-4E3B-A10A-5C95824F35D4}
	EndGlobalSection
EndGlobal
